
Microsoft Visual Studio Solution File, Format Version 12.00
# Visual Studio Version 16
VisualStudioVersion = 16.0.31729.503
MinimumVisualStudioVersion = 10.0.40219.1
Project("{FAE04EC0-301F-11D3-BF4B-00C04F79EFBC}") = "TODO", "TODO\TODO.csproj", "{BA236652-E414-4394-AE83-1B7AC087167A}"
EndProject
Global
	GlobalSection(SolutionConfigurationPlatforms) = preSolution
		Debug|Any CPU = Debug|Any CPU
		Release|Any CPU = Release|Any CPU
	EndGlobalSection
	GlobalSection(ProjectConfigurationPlatforms) = postSolution
		{BA236652-E414-4394-AE83-1B7AC087167A}.Debug|Any CPU.ActiveCfg = Debug|Any CPU
		{BA236652-E414-4394-AE83-1B7AC087167A}.Debug|Any CPU.Build.0 = Debug|Any CPU
		{BA236652-E414-4394-AE83-1B7AC087167A}.Release|Any CPU.ActiveCfg = Release|Any CPU
		{BA236652-E414-4394-AE83-1B7AC087167A}.Release|Any CPU.Build.0 = Release|Any CPU
	EndGlobalSection
	GlobalSection(SolutionProperties) = preSolution
		HideSolutionNode = FALSE
	EndGlobalSection
	GlobalSection(ExtensibilityGlobals) = postSolution
		SolutionGuid = {63558EF4-8CC6-4EFA-91BA-BFD4E3E2F193}
	EndGlobalSection
EndGlobal
